{
  "name": "napisy",
  "version": "0.0.0",
  "lockfileVersion": 3,
  "requires": true,
  "packages": {
    "": {
      "name": "napisy",
      "version": "0.0.0",
      "dependencies": {
        "@notatki/core": "^0.0.3",
        "dictionary-pl": "^2.0.0",
        "marked": "^16.2.0",
        "nspell": "^2.1.5",
        "random": "^5.4.1"
      }
    },
    "node_modules/@notatki/core": {
      "version": "0.0.3",
      "resolved": "https://registry.npmjs.org/@notatki/core/-/core-0.0.3.tgz",
      "integrity": "sha512-JaOhubbqRY6Sx6V7Wop1E0xAUWZ9s7gy8iLOZoCyiuMbXT8lhHvinRHs+H3JIwuY8cMksSh/QUPHd8ZNTUre5w==",
      "dependencies": {
        "@notatki/format": "^0.0.3",
        "@notatki/parser": "^0.0.3"
      }
    },
    "node_modules/@notatki/format": {
      "version": "0.0.3",
      "resolved": "https://registry.npmjs.org/@notatki/format/-/format-0.0.3.tgz",
      "integrity": "sha512-kxgZZT82OOyjzVeGYAstQiIK51md5CrIUQRlcVzfFSkxpeqxROja1QNtlpwIRi++YibjD+lt0dHXWVJhcFPiGA==",
      "dependencies": {
        "katex": "^0.16.22",
        "marked": "^16.2.1"
      }
    },
    "node_modules/@notatki/parser": {
      "version": "0.0.3",
      "resolved": "https://registry.npmjs.org/@notatki/parser/-/parser-0.0.3.tgz",
      "integrity": "sha512-Qc2z5UsgtR3bmaVdlZxc0R+u6lkpRM8pyxRjAT88Rom2cyaQeEhrp1s3NX63pufonmB7h+mknToR9e4MlRjH3w=="
    },
    "node_modules/commander": {
      "version": "8.3.0",
      "resolved": "https://registry.npmjs.org/commander/-/commander-8.3.0.tgz",
      "integrity": "sha512-OkTL9umf+He2DZkUq8f8J9of7yL6RJKI24dVITBmNfZBmri9zYZQrKkuXiKhyfPSu8tUhnVBB1iKXevvnlR4Ww==",
      "license": "MIT",
      "engines": {
        "node": ">= 12"
      }
    },
    "node_modules/dictionary-pl": {
      "version": "2.0.0",
      "resolved": "https://registry.npmjs.org/dictionary-pl/-/dictionary-pl-2.0.0.tgz",
      "integrity": "sha512-jg1j4DM12i6oyp34Re5UeVYZAh2u4Y0Qi8zUfLVQjRmUQA8PsHO41ShoZLDwcQm7mWfeTeZjDPLv9wygPdqj3Q==",
      "license": "(GPL-3.0 OR LGPL-3.0 OR MPL-2.0)",
      "funding": {
        "type": "github",
        "url": "https://github.com/sponsors/wooorm"
      }
    },
    "node_modules/is-buffer": {
      "version": "2.0.5",
      "resolved": "https://registry.npmjs.org/is-buffer/-/is-buffer-2.0.5.tgz",
      "integrity": "sha512-i2R6zNFDwgEHJyQUtJEk0XFi1i0dPFn/oqjK3/vPCcDeJvW5NQ83V8QbicfF1SupOaB0h8ntgBC2YiE7dfyctQ==",
      "funding": [
        {
          "type": "github",
          "url": "https://github.com/sponsors/feross"
        },
        {
          "type": "patreon",
          "url": "https://www.patreon.com/feross"
        },
        {
          "type": "consulting",
          "url": "https://feross.org/support"
        }
      ],
      "license": "MIT",
      "engines": {
        "node": ">=4"
      }
    },
    "node_modules/katex": {
      "version": "0.16.22",
      "resolved": "https://registry.npmjs.org/katex/-/katex-0.16.22.tgz",
      "integrity": "sha512-XCHRdUw4lf3SKBaJe4EvgqIuWwkPSo9XoeO8GjQW94Bp7TWv9hNhzZjZ+OH9yf1UmLygb7DIT5GSFQiyt16zYg==",
      "funding": [
        "https://opencollective.com/katex",
        "https://github.com/sponsors/katex"
      ],
      "license": "MIT",
      "dependencies": {
        "commander": "^8.3.0"
      },
      "bin": {
        "katex": "cli.js"
      }
    },
    "node_modules/marked": {
      "version": "16.2.1",
      "resolved": "https://registry.npmjs.org/marked/-/marked-16.2.1.tgz",
      "integrity": "sha512-r3UrXED9lMlHF97jJByry90cwrZBBvZmjG1L68oYfuPMW+uDTnuMbyJDymCWwbTE+f+3LhpNDKfpR3a3saFyjA==",
      "license": "MIT",
      "bin": {
        "marked": "bin/marked.js"
      },
      "engines": {
        "node": ">= 20"
      }
    },
    "node_modules/nspell": {
      "version": "2.1.5",
      "resolved": "https://registry.npmjs.org/nspell/-/nspell-2.1.5.tgz",
      "integrity": "sha512-PSStyugKMiD9mHmqI/CR5xXrSIGejUXPlo88FBRq5Og1kO5QwQ5Ilu8D8O5I/SHpoS+mibpw6uKA8rd3vXd2Sg==",
      "license": "MIT",
      "dependencies": {
        "is-buffer": "^2.0.0"
      }
    },
    "node_modules/random": {
      "version": "5.4.1",
      "resolved": "https://registry.npmjs.org/random/-/random-5.4.1.tgz",
      "integrity": "sha512-HtccRkYkAXCbj9bqsyGKGlicyeZ5AsQgs49fEuUO/BvrJ7WOQqXPjdg1CZrFjBkoT75ozrWlQXJ7TcXXLv2ISQ==",
      "license": "MIT",
      "engines": {
        "node": ">=18"
      }
    }
  }
}
